
Microsoft Visual Studio Solution File, Format Version 12.00
# Visual Studio 15
VisualStudioVersion = 15.0.27130.2027
MinimumVisualStudioVersion = 10.0.40219.1
Project("{FAE04EC0-301F-11D3-BF4B-00C04F79EFBC}") = "Biblioteca", "Biblioteca\Biblioteca.csproj", "{03519A0A-002D-440A-A59E-094E69FD670C}"
EndProject
Global
	GlobalSection(SolutionConfigurationPlatforms) = preSolution
		Debug|Any CPU = Debug|Any CPU
		Release|Any CPU = Release|Any CPU
	EndGlobalSection
	GlobalSection(ProjectConfigurationPlatforms) = postSolution
		{03519A0A-002D-440A-A59E-094E69FD670C}.Debug|Any CPU.ActiveCfg = Debug|Any CPU
		{03519A0A-002D-440A-A59E-094E69FD670C}.Debug|Any CPU.Build.0 = Debug|Any CPU
		{03519A0A-002D-440A-A59E-094E69FD670C}.Release|Any CPU.ActiveCfg = Release|Any CPU
		{03519A0A-002D-440A-A59E-094E69FD670C}.Release|Any CPU.Build.0 = Release|Any CPU
	EndGlobalSection
	GlobalSection(SolutionProperties) = preSolution
		HideSolutionNode = FALSE
	EndGlobalSection
	GlobalSection(ExtensibilityGlobals) = postSolution
		SolutionGuid = {C538F2F6-1052-484F-A871-03D987048A66}
	EndGlobalSection
EndGlobal
